
Microsoft Visual Studio Solution File, Format Version 12.00
# Visual Studio Version 16
VisualStudioVersion = 16.0.29709.97
MinimumVisualStudioVersion = 10.0.40219.1
Project("{FAE04EC0-301F-11D3-BF4B-00C04F79EFBC}") = "methlab1", "methlab1\methlab1.csproj", "{21AE1D36-37ED-4426-BA13-68F7B784F470}"
EndProject
Global
	GlobalSection(SolutionConfigurationPlatforms) = preSolution
		Debug|Any CPU = Debug|Any CPU
		Release|Any CPU = Release|Any CPU
	EndGlobalSection
	GlobalSection(ProjectConfigurationPlatforms) = postSolution
		{21AE1D36-37ED-4426-BA13-68F7B784F470}.Debug|Any CPU.ActiveCfg = Debug|Any CPU
		{21AE1D36-37ED-4426-BA13-68F7B784F470}.Debug|Any CPU.Build.0 = Debug|Any CPU
		{21AE1D36-37ED-4426-BA13-68F7B784F470}.Release|Any CPU.ActiveCfg = Release|Any CPU
		{21AE1D36-37ED-4426-BA13-68F7B784F470}.Release|Any CPU.Build.0 = Release|Any CPU
	EndGlobalSection
	GlobalSection(SolutionProperties) = preSolution
		HideSolutionNode = FALSE
	EndGlobalSection
	GlobalSection(ExtensibilityGlobals) = postSolution
		SolutionGuid = {6B55B75C-2BCA-4701-9454-C20773EAEC11}
	EndGlobalSection
EndGlobal
